[root]
name = "djinni_test_suite"
version = "0.1.0"
dependencies = [
 "libc 0.1.10 (registry+https://github.com/rust-lang/crates.io-index)",
 "mopa 0.2.0 (registry+https://github.com/rust-lang/crates.io-index)",
]

[[package]]
name = "libc"
version = "0.1.10"
source = "registry+https://github.com/rust-lang/crates.io-index"

[[package]]
name = "mopa"
version = "0.2.0"
source = "registry+https://github.com/rust-lang/crates.io-index"

